
Microsoft Visual Studio Solution File, Format Version 12.00
# Visual Studio Version 16
VisualStudioVersion = 16.0.31702.278
MinimumVisualStudioVersion = 10.0.40219.1
Project("{FAE04EC0-301F-11D3-BF4B-00C04F79EFBC}") = "Web", "Web\Web.csproj", "{5AF956AC-4907-456A-902B-4479A34E1692}"
EndProject
Project("{FAE04EC0-301F-11D3-BF4B-00C04F79EFBC}") = "Core", "Core\Core.csproj", "{BEA17494-8101-4730-A7C5-9B7E09A768C0}"
EndProject
Project("{FAE04EC0-301F-11D3-BF4B-00C04F79EFBC}") = "Ifrastructure", "Ifrastructure\Ifrastructure.csproj", "{51711BCC-1D8A-4404-A9E7-F4FB71AFF54D}"
EndProject
Global
	GlobalSection(SolutionConfigurationPlatforms) = preSolution
		Debug|Any CPU = Debug|Any CPU
		Release|Any CPU = Release|Any CPU
	EndGlobalSection
	GlobalSection(ProjectConfigurationPlatforms) = postSolution
		{5AF956AC-4907-456A-902B-4479A34E1692}.Debug|Any CPU.ActiveCfg = Debug|Any CPU
		{5AF956AC-4907-456A-902B-4479A34E1692}.Debug|Any CPU.Build.0 = Debug|Any CPU
		{5AF956AC-4907-456A-902B-4479A34E1692}.Release|Any CPU.ActiveCfg = Release|Any CPU
		{5AF956AC-4907-456A-902B-4479A34E1692}.Release|Any CPU.Build.0 = Release|Any CPU
		{BEA17494-8101-4730-A7C5-9B7E09A768C0}.Debug|Any CPU.ActiveCfg = Debug|Any CPU
		{BEA17494-8101-4730-A7C5-9B7E09A768C0}.Debug|Any CPU.Build.0 = Debug|Any CPU
		{BEA17494-8101-4730-A7C5-9B7E09A768C0}.Release|Any CPU.ActiveCfg = Release|Any CPU
		{BEA17494-8101-4730-A7C5-9B7E09A768C0}.Release|Any CPU.Build.0 = Release|Any CPU
		{51711BCC-1D8A-4404-A9E7-F4FB71AFF54D}.Debug|Any CPU.ActiveCfg = Debug|Any CPU
		{51711BCC-1D8A-4404-A9E7-F4FB71AFF54D}.Debug|Any CPU.Build.0 = Debug|Any CPU
		{51711BCC-1D8A-4404-A9E7-F4FB71AFF54D}.Release|Any CPU.ActiveCfg = Release|Any CPU
		{51711BCC-1D8A-4404-A9E7-F4FB71AFF54D}.Release|Any CPU.Build.0 = Release|Any CPU
	EndGlobalSection
	GlobalSection(SolutionProperties) = preSolution
		HideSolutionNode = FALSE
	EndGlobalSection
	GlobalSection(ExtensibilityGlobals) = postSolution
		SolutionGuid = {060EFE2A-ECF9-4A54-A611-0E3ADE53880A}
	EndGlobalSection
EndGlobal
